
Microsoft Visual Studio Solution File, Format Version 12.00
# Visual Studio 15
VisualStudioVersion = 15.0.28307.168
MinimumVisualStudioVersion = 10.0.40219.1
Project("{FAE04EC0-301F-11D3-BF4B-00C04F79EFBC}") = "MiniOrm", "MiniOrm\MiniOrm.csproj", "{2B9A0426-A5E1-47F5-8337-B2B03ED7E66D}"
EndProject
Global
	GlobalSection(SolutionConfigurationPlatforms) = preSolution
		Debug|Any CPU = Debug|Any CPU
		Release|Any CPU = Release|Any CPU
	EndGlobalSection
	GlobalSection(ProjectConfigurationPlatforms) = postSolution
		{2B9A0426-A5E1-47F5-8337-B2B03ED7E66D}.Debug|Any CPU.ActiveCfg = Debug|Any CPU
		{2B9A0426-A5E1-47F5-8337-B2B03ED7E66D}.Debug|Any CPU.Build.0 = Debug|Any CPU
		{2B9A0426-A5E1-47F5-8337-B2B03ED7E66D}.Release|Any CPU.ActiveCfg = Release|Any CPU
		{2B9A0426-A5E1-47F5-8337-B2B03ED7E66D}.Release|Any CPU.Build.0 = Release|Any CPU
	EndGlobalSection
	GlobalSection(SolutionProperties) = preSolution
		HideSolutionNode = FALSE
	EndGlobalSection
	GlobalSection(ExtensibilityGlobals) = postSolution
		SolutionGuid = {779CCEA7-C20F-4F25-B366-623703345CAA}
	EndGlobalSection
EndGlobal
